
Microsoft Visual Studio Solution File, Format Version 12.00
Project("{FAE04EC0-301F-11D3-BF4B-00C04F79EFBC}") = "PokemonShakespeare.Api", "src\PokemonShakespeare.Api\PokemonShakespeare.Api.csproj", "{6C590C2E-F90C-405E-835E-599AC3FA9F2F}"
EndProject
Global
	GlobalSection(SolutionConfigurationPlatforms) = preSolution
		Debug|Any CPU = Debug|Any CPU
		Release|Any CPU = Release|Any CPU
	EndGlobalSection
	GlobalSection(ProjectConfigurationPlatforms) = postSolution
		{6C590C2E-F90C-405E-835E-599AC3FA9F2F}.Debug|Any CPU.ActiveCfg = Debug|Any CPU
		{6C590C2E-F90C-405E-835E-599AC3FA9F2F}.Debug|Any CPU.Build.0 = Debug|Any CPU
		{6C590C2E-F90C-405E-835E-599AC3FA9F2F}.Release|Any CPU.ActiveCfg = Release|Any CPU
		{6C590C2E-F90C-405E-835E-599AC3FA9F2F}.Release|Any CPU.Build.0 = Release|Any CPU
	EndGlobalSection
EndGlobal
