
Microsoft Visual Studio Solution File, Format Version 12.00
Project("{FAE04EC0-301F-11D3-BF4B-00C04F79EFBC}") = "PokemonShakespeare.Api.UnitTests", "test\PokemonShakespeare.Api.UnitTests\PokemonShakespeare.Api.UnitTests.csproj", "{F28B6DF1-F356-42D8-9E31-65BEC08099AF}"
EndProject
Project("{FAE04EC0-301F-11D3-BF4B-00C04F79EFBC}") = "PokemonShakespeare.Api", "PokemonShakespeare.Api\PokemonShakespeare.Api.csproj", "{BA9E1AFC-020C-4B03-A03A-6DD873603237}"
EndProject
Project("{FAE04EC0-301F-11D3-BF4B-00C04F79EFBC}") = "ASP.NETCoreWebApplication1", "ASP.NETCoreWebApplication1\ASP.NETCoreWebApplication1.csproj", "{B7C1D6DD-6C0E-4828-B712-344A920900B7}"
EndProject
Global
	GlobalSection(SolutionConfigurationPlatforms) = preSolution
		Debug|Any CPU = Debug|Any CPU
		Release|Any CPU = Release|Any CPU
	EndGlobalSection
	GlobalSection(ProjectConfigurationPlatforms) = postSolution
		{F28B6DF1-F356-42D8-9E31-65BEC08099AF}.Debug|Any CPU.ActiveCfg = Debug|Any CPU
		{F28B6DF1-F356-42D8-9E31-65BEC08099AF}.Debug|Any CPU.Build.0 = Debug|Any CPU
		{F28B6DF1-F356-42D8-9E31-65BEC08099AF}.Release|Any CPU.ActiveCfg = Release|Any CPU
		{F28B6DF1-F356-42D8-9E31-65BEC08099AF}.Release|Any CPU.Build.0 = Release|Any CPU
		{BA9E1AFC-020C-4B03-A03A-6DD873603237}.Debug|Any CPU.ActiveCfg = Debug|Any CPU
		{BA9E1AFC-020C-4B03-A03A-6DD873603237}.Debug|Any CPU.Build.0 = Debug|Any CPU
		{BA9E1AFC-020C-4B03-A03A-6DD873603237}.Release|Any CPU.ActiveCfg = Release|Any CPU
		{BA9E1AFC-020C-4B03-A03A-6DD873603237}.Release|Any CPU.Build.0 = Release|Any CPU
		{B7C1D6DD-6C0E-4828-B712-344A920900B7}.Debug|Any CPU.ActiveCfg = Debug|Any CPU
		{B7C1D6DD-6C0E-4828-B712-344A920900B7}.Debug|Any CPU.Build.0 = Debug|Any CPU
		{B7C1D6DD-6C0E-4828-B712-344A920900B7}.Release|Any CPU.ActiveCfg = Release|Any CPU
		{B7C1D6DD-6C0E-4828-B712-344A920900B7}.Release|Any CPU.Build.0 = Release|Any CPU
	EndGlobalSection
EndGlobal
